
Microsoft Visual Studio Solution File, Format Version 12.00
# Visual Studio Version 16
VisualStudioVersion = 16.0.30309.148
MinimumVisualStudioVersion = 10.0.40219.1
Project("{FAE04EC0-301F-11D3-BF4B-00C04F79EFBC}") = "DevBoost.ORM.App", "DevBoost.ORM.Console\DevBoost.ORM.App.csproj", "{1BB0482C-6997-41C1-84EE-2533E547ADBF}"
EndProject
Global
	GlobalSection(SolutionConfigurationPlatforms) = preSolution
		Debug|Any CPU = Debug|Any CPU
		Release|Any CPU = Release|Any CPU
	EndGlobalSection
	GlobalSection(ProjectConfigurationPlatforms) = postSolution
		{1BB0482C-6997-41C1-84EE-2533E547ADBF}.Debug|Any CPU.ActiveCfg = Debug|Any CPU
		{1BB0482C-6997-41C1-84EE-2533E547ADBF}.Debug|Any CPU.Build.0 = Debug|Any CPU
		{1BB0482C-6997-41C1-84EE-2533E547ADBF}.Release|Any CPU.ActiveCfg = Release|Any CPU
		{1BB0482C-6997-41C1-84EE-2533E547ADBF}.Release|Any CPU.Build.0 = Release|Any CPU
	EndGlobalSection
	GlobalSection(SolutionProperties) = preSolution
		HideSolutionNode = FALSE
	EndGlobalSection
	GlobalSection(ExtensibilityGlobals) = postSolution
		SolutionGuid = {8EBF6FD6-5D71-42E2-AA55-DF0030C072C0}
	EndGlobalSection
EndGlobal
